<?xml version="1.0" encoding="utf-8"?>
<Project ToolsVersion="4.0" xmlns="http://schemas.microsoft.com/developer/msbuild/2003">
  <ItemGroup>
    <Filter Include="源文件">
      <UniqueIdentifier>{4FC737F1-C7A5-4376-A066-2A32D752A2FF}</UniqueIdentifier>
      <Extensions>cpp;c;cc;cxx;def;odl;idl;hpj;bat;asm;asmx</Extensions>
    </Filter>
    <Filter Include="头文件">
      <UniqueIdentifier>{93995380-89BD-4b04-88EB-625FBE52EBFB}</UniqueIdentifier>
      <Extensions>h;hh;hpp;hxx;hm;inl;inc;ipp;xsd</Extensions>
    </Filter>
    <Filter Include="资源文件">
      <UniqueIdentifier>{67DA6AB6-F800-4c08-8B7A-83BB121AAD01}</UniqueIdentifier>
      <Extensions>rc;ico;cur;bmp;dlg;rc2;rct;bin;rgs;gif;jpg;jpeg;jpe;resx;tiff;tif;png;wav;mfcribbon-ms</Extensions>
    </Filter>
    <Filter Include="头文件\PointCloudFile">
      <UniqueIdentifier>{c4a3a534-d724-47c9-aa23-932f2ce40780}</UniqueIdentifier>
    </Filter>
    <Filter Include="源文件\PointCloudFile">
      <UniqueIdentifier>{1f1b5245-acc3-4957-a13d-bd4604c6cd5f}</UniqueIdentifier>
    </Filter>
    <Filter Include="头文件\MatchFile">
      <UniqueIdentifier>{d5e04d3d-658c-4955-be83-d79f8eee00e2}</UniqueIdentifier>
    </Filter>
    <Filter Include="源文件\MatchFile">
      <UniqueIdentifier>{53075bf6-c05d-4c9e-a239-70e8fbdf43ae}</UniqueIdentifier>
    </Filter>
  </ItemGroup>
  <ItemGroup>
    <ClCompile Include="JC_Calibrate.cpp">
      <Filter>源文件</Filter>
    </ClCompile>
    <ClCompile Include="TestAlg.cpp">
      <Filter>源文件</Filter>
    </ClCompile>
    <ClCompile Include="GrayCode.cpp">
      <Filter>源文件</Filter>
    </ClCompile>
    <ClCompile Include="WaveLet.cpp">
      <Filter>源文件</Filter>
    </ClCompile>
    <ClCompile Include="FileOpr.cpp">
      <Filter>源文件</Filter>
    </ClCompile>
    <ClCompile Include="FitModel.cpp">
      <Filter>源文件\PointCloudFile</Filter>
    </ClCompile>
    <ClCompile Include="PC_Filter.cpp">
      <Filter>源文件\PointCloudFile</Filter>
    </ClCompile>
    <ClCompile Include="PC_Seg.cpp">
      <Filter>源文件\PointCloudFile</Filter>
    </ClCompile>
    <ClCompile Include="PointCloudOpr.cpp">
      <Filter>源文件\PointCloudFile</Filter>
    </ClCompile>
    <ClCompile Include="PPFMatch.cpp">
      <Filter>源文件\PointCloudFile</Filter>
    </ClCompile>
    <ClCompile Include="MathOpr.cpp">
      <Filter>源文件</Filter>
    </ClCompile>
    <ClCompile Include="ContourOpr.cpp">
      <Filter>源文件\MatchFile</Filter>
    </ClCompile>
    <ClCompile Include="LocalDeforableModel.cpp">
      <Filter>源文件\MatchFile</Filter>
    </ClCompile>
    <ClCompile Include="ShapeMatch.cpp">
      <Filter>源文件\MatchFile</Filter>
    </ClCompile>
    <ClCompile Include="ShapeModelBase.cpp">
      <Filter>源文件\MatchFile</Filter>
    </ClCompile>
    <ClCompile Include="DrawShape.cpp">
      <Filter>源文件</Filter>
    </ClCompile>
    <ClCompile Include="SiftMatch.cpp">
      <Filter>源文件\MatchFile</Filter>
    </ClCompile>
  </ItemGroup>
  <ItemGroup>
    <ClInclude Include="utils.h">
      <Filter>头文件</Filter>
    </ClInclude>
    <ClInclude Include="JC_Calibrate.h">
      <Filter>头文件</Filter>
    </ClInclude>
    <ClInclude Include="GrayCode.h">
      <Filter>头文件</Filter>
    </ClInclude>
    <ClInclude Include="WaveLet.h">
      <Filter>头文件</Filter>
    </ClInclude>
    <ClInclude Include="FileOpr.h">
      <Filter>头文件</Filter>
    </ClInclude>
    <ClInclude Include="PointCloudOpr.h">
      <Filter>头文件\PointCloudFile</Filter>
    </ClInclude>
    <ClInclude Include="PPFMatch.h">
      <Filter>头文件\PointCloudFile</Filter>
    </ClInclude>
    <ClInclude Include="PC_Filter.h">
      <Filter>头文件\PointCloudFile</Filter>
    </ClInclude>
    <ClInclude Include="PC_Seg.h">
      <Filter>头文件\PointCloudFile</Filter>
    </ClInclude>
    <ClInclude Include="FitModel.h">
      <Filter>头文件\PointCloudFile</Filter>
    </ClInclude>
    <ClInclude Include="MathOpr.h">
      <Filter>头文件</Filter>
    </ClInclude>
    <ClInclude Include="LocalDeforableModel.h">
      <Filter>头文件\MatchFile</Filter>
    </ClInclude>
    <ClInclude Include="ShapeMatch.h">
      <Filter>头文件\MatchFile</Filter>
    </ClInclude>
    <ClInclude Include="ShapeModelBase.h">
      <Filter>头文件\MatchFile</Filter>
    </ClInclude>
    <ClInclude Include="ContourOpr.h">
      <Filter>头文件\MatchFile</Filter>
    </ClInclude>
    <ClInclude Include="DrawShape.h">
      <Filter>头文件</Filter>
    </ClInclude>
    <ClInclude Include="SiftMatch.h">
      <Filter>头文件\MatchFile</Filter>
    </ClInclude>
  </ItemGroup>
</Project>