<?xml version="1.0" encoding="utf-8"?>
<Project ToolsVersion="4.0" xmlns="http://schemas.microsoft.com/developer/msbuild/2003">
  <ItemGroup>
    <Filter Include="源文件">
      <UniqueIdentifier>{4FC737F1-C7A5-4376-A066-2A32D752A2FF}</UniqueIdentifier>
      <Extensions>cpp;c;cc;cxx;def;odl;idl;hpj;bat;asm;asmx</Extensions>
    </Filter>
    <Filter Include="头文件">
      <UniqueIdentifier>{93995380-89BD-4b04-88EB-625FBE52EBFB}</UniqueIdentifier>
      <Extensions>h;hh;hpp;hxx;hm;inl;inc;ipp;xsd</Extensions>
    </Filter>
    <Filter Include="资源文件">
      <UniqueIdentifier>{67DA6AB6-F800-4c08-8B7A-83BB121AAD01}</UniqueIdentifier>
      <Extensions>rc;ico;cur;bmp;dlg;rc2;rct;bin;rgs;gif;jpg;jpeg;jpe;resx;tiff;tif;png;wav;mfcribbon-ms</Extensions>
    </Filter>
    <Filter Include="头文件\PointCloudFile">
      <UniqueIdentifier>{c4a3a534-d724-47c9-aa23-932f2ce40780}</UniqueIdentifier>
    </Filter>
    <Filter Include="源文件\PointCloudFile">
      <UniqueIdentifier>{1f1b5245-acc3-4957-a13d-bd4604c6cd5f}</UniqueIdentifier>
    </Filter>
    <Filter Include="头文件\MatchFile">
      <UniqueIdentifier>{d5e04d3d-658c-4955-be83-d79f8eee00e2}</UniqueIdentifier>
    </Filter>
    <Filter Include="源文件\MatchFile">
      <UniqueIdentifier>{53075bf6-c05d-4c9e-a239-70e8fbdf43ae}</UniqueIdentifier>
    </Filter>
    <Filter Include="头文件\ImageFile">
      <UniqueIdentifier>{0bbb9252-e2a6-45c6-b7e4-de83c1411416}</UniqueIdentifier>
    </Filter>
    <Filter Include="源文件\ImageFile">
      <UniqueIdentifier>{7f5118ed-b12a-4228-b53e-a4c0673b0306}</UniqueIdentifier>
    </Filter>
    <Filter Include="头文件\BaseOprFile">
      <UniqueIdentifier>{32b31e65-9910-4f06-8eb8-732f917ea5e9}</UniqueIdentifier>
    </Filter>
    <Filter Include="源文件\BaseOprFile">
      <UniqueIdentifier>{4576f094-200f-44ef-98b1-a8c19ebfcb92}</UniqueIdentifier>
    </Filter>
    <Filter Include="源文件\FitShapeFile">
      <UniqueIdentifier>{46047c80-e8ed-48df-92f9-d7e6d6607662}</UniqueIdentifier>
    </Filter>
    <Filter Include="头文件\FitShapeFile">
      <UniqueIdentifier>{abf4fcd3-4da3-4ff9-a999-79a91a0c1378}</UniqueIdentifier>
    </Filter>
  </ItemGroup>
  <ItemGroup>
    <ClCompile Include="JC_Calibrate.cpp">
      <Filter>源文件</Filter>
    </ClCompile>
    <ClCompile Include="TestAlg.cpp">
      <Filter>源文件</Filter>
    </ClCompile>
    <ClCompile Include="GrayCode.cpp">
      <Filter>源文件</Filter>
    </ClCompile>
    <ClCompile Include="Src\BaseOprFile\DrawShape.cpp">
      <Filter>源文件\BaseOprFile</Filter>
    </ClCompile>
    <ClCompile Include="Src\BaseOprFile\FileOpr.cpp">
      <Filter>源文件\BaseOprFile</Filter>
    </ClCompile>
    <ClCompile Include="Src\BaseOprFile\OpenCV_Utils.cpp">
      <Filter>源文件\BaseOprFile</Filter>
    </ClCompile>
    <ClCompile Include="Src\FitShapeFile\GrabEdges.cpp">
      <Filter>源文件\FitShapeFile</Filter>
    </ClCompile>
    <ClCompile Include="Src\FitShapeFile\Img_FitCircle.cpp">
      <Filter>源文件\FitShapeFile</Filter>
    </ClCompile>
    <ClCompile Include="Src\FitShapeFile\Img_FitEllipse.cpp">
      <Filter>源文件\FitShapeFile</Filter>
    </ClCompile>
    <ClCompile Include="Src\FitShapeFile\Img_FitLine.cpp">
      <Filter>源文件\FitShapeFile</Filter>
    </ClCompile>
    <ClCompile Include="Src\FitShapeFile\PC_FitCircle.cpp">
      <Filter>源文件\FitShapeFile</Filter>
    </ClCompile>
    <ClCompile Include="Src\FitShapeFile\PC_FitLine.cpp">
      <Filter>源文件\FitShapeFile</Filter>
    </ClCompile>
    <ClCompile Include="Src\FitShapeFile\PC_FitPlane.cpp">
      <Filter>源文件\FitShapeFile</Filter>
    </ClCompile>
    <ClCompile Include="Src\FitShapeFile\PC_FitSphere.cpp">
      <Filter>源文件\FitShapeFile</Filter>
    </ClCompile>
    <ClCompile Include="Src\ImageFile\FFT.cpp">
      <Filter>源文件\ImageFile</Filter>
    </ClCompile>
    <ClCompile Include="Src\ImageFile\ImageEnhance.cpp">
      <Filter>源文件\ImageFile</Filter>
    </ClCompile>
    <ClCompile Include="Src\ImageFile\ImageFilter.cpp">
      <Filter>源文件\ImageFile</Filter>
    </ClCompile>
    <ClCompile Include="Src\ImageFile\ImageGLCM.cpp">
      <Filter>源文件\ImageFile</Filter>
    </ClCompile>
    <ClCompile Include="Src\ImageFile\ImageSeg.cpp">
      <Filter>源文件\ImageFile</Filter>
    </ClCompile>
    <ClCompile Include="Src\ImageFile\LBPfeatures.cpp">
      <Filter>源文件\ImageFile</Filter>
    </ClCompile>
    <ClCompile Include="Src\ImageFile\WaveLet.cpp">
      <Filter>源文件\ImageFile</Filter>
    </ClCompile>
    <ClCompile Include="Src\MatchFile\LocalDeforableModel.cpp">
      <Filter>源文件\MatchFile</Filter>
    </ClCompile>
    <ClCompile Include="Src\MatchFile\ShapeMatch.cpp">
      <Filter>源文件\MatchFile</Filter>
    </ClCompile>
    <ClCompile Include="Src\MatchFile\ShapeModelBase.cpp">
      <Filter>源文件\MatchFile</Filter>
    </ClCompile>
    <ClCompile Include="Src\MatchFile\SiftMatch.cpp">
      <Filter>源文件\MatchFile</Filter>
    </ClCompile>
    <ClCompile Include="Src\PointCloudFile\PC_Filter.cpp">
      <Filter>源文件\PointCloudFile</Filter>
    </ClCompile>
    <ClCompile Include="Src\PointCloudFile\PC_Seg.cpp">
      <Filter>源文件\PointCloudFile</Filter>
    </ClCompile>
    <ClCompile Include="Src\PointCloudFile\PointCloudOpr.cpp">
      <Filter>源文件\PointCloudFile</Filter>
    </ClCompile>
    <ClCompile Include="Src\PointCloudFile\PPFMatch.cpp">
      <Filter>源文件\PointCloudFile</Filter>
    </ClCompile>
  </ItemGroup>
  <ItemGroup>
    <ClInclude Include="include\BaseOprFile\DrawShape.h">
      <Filter>头文件\BaseOprFile</Filter>
    </ClInclude>
    <ClInclude Include="include\BaseOprFile\FileOpr.h">
      <Filter>头文件\BaseOprFile</Filter>
    </ClInclude>
    <ClInclude Include="include\BaseOprFile\MathOpr.h">
      <Filter>头文件\BaseOprFile</Filter>
    </ClInclude>
    <ClInclude Include="include\BaseOprFile\OpenCV_Utils.h">
      <Filter>头文件\BaseOprFile</Filter>
    </ClInclude>
    <ClInclude Include="include\BaseOprFile\utils.h">
      <Filter>头文件\BaseOprFile</Filter>
    </ClInclude>
    <ClInclude Include="include\FitShapeFile\ComputeModels.h">
      <Filter>头文件\FitShapeFile</Filter>
    </ClInclude>
    <ClInclude Include="include\FitShapeFile\ComputePts.h">
      <Filter>头文件\FitShapeFile</Filter>
    </ClInclude>
    <ClInclude Include="include\FitShapeFile\GrabEdges.h">
      <Filter>头文件\FitShapeFile</Filter>
    </ClInclude>
    <ClInclude Include="include\FitShapeFile\Img_FitCircle.h">
      <Filter>头文件\FitShapeFile</Filter>
    </ClInclude>
    <ClInclude Include="include\FitShapeFile\Img_FitEllipse.h">
      <Filter>头文件\FitShapeFile</Filter>
    </ClInclude>
    <ClInclude Include="include\FitShapeFile\Img_FitLine.h">
      <Filter>头文件\FitShapeFile</Filter>
    </ClInclude>
    <ClInclude Include="include\FitShapeFile\PC_FitCircle.h">
      <Filter>头文件\FitShapeFile</Filter>
    </ClInclude>
    <ClInclude Include="include\FitShapeFile\PC_FitLine.h">
      <Filter>头文件\FitShapeFile</Filter>
    </ClInclude>
    <ClInclude Include="include\FitShapeFile\PC_FitPlane.h">
      <Filter>头文件\FitShapeFile</Filter>
    </ClInclude>
    <ClInclude Include="include\FitShapeFile\PC_FitSphere.h">
      <Filter>头文件\FitShapeFile</Filter>
    </ClInclude>
    <ClInclude Include="include\ImageFile\FFT.h">
      <Filter>头文件\ImageFile</Filter>
    </ClInclude>
    <ClInclude Include="include\ImageFile\ImageEnhance.h">
      <Filter>头文件\ImageFile</Filter>
    </ClInclude>
    <ClInclude Include="include\ImageFile\ImageFilter.h">
      <Filter>头文件\ImageFile</Filter>
    </ClInclude>
    <ClInclude Include="include\ImageFile\ImageGLCM.h">
      <Filter>头文件\ImageFile</Filter>
    </ClInclude>
    <ClInclude Include="include\ImageFile\ImageSeg.h">
      <Filter>头文件\ImageFile</Filter>
    </ClInclude>
    <ClInclude Include="include\ImageFile\LBPfeatures.h">
      <Filter>头文件\ImageFile</Filter>
    </ClInclude>
    <ClInclude Include="include\ImageFile\WaveLet.h">
      <Filter>头文件\ImageFile</Filter>
    </ClInclude>
    <ClInclude Include="include\MatchFile\ContourOpr.h">
      <Filter>头文件\MatchFile</Filter>
    </ClInclude>
    <ClInclude Include="include\MatchFile\LocalDeforableModel.h">
      <Filter>头文件\MatchFile</Filter>
    </ClInclude>
    <ClInclude Include="include\MatchFile\ShapeMatch.h">
      <Filter>头文件\MatchFile</Filter>
    </ClInclude>
    <ClInclude Include="include\MatchFile\ShapeModelBase.h">
      <Filter>头文件\MatchFile</Filter>
    </ClInclude>
    <ClInclude Include="include\MatchFile\SiftMatch.h">
      <Filter>头文件\MatchFile</Filter>
    </ClInclude>
    <ClInclude Include="include\PointCloudFile\PC_Filter.h">
      <Filter>头文件\PointCloudFile</Filter>
    </ClInclude>
    <ClInclude Include="include\PointCloudFile\PC_Seg.h">
      <Filter>头文件\PointCloudFile</Filter>
    </ClInclude>
    <ClInclude Include="include\PointCloudFile\PointCloudOpr.h">
      <Filter>头文件\PointCloudFile</Filter>
    </ClInclude>
    <ClInclude Include="include\PointCloudFile\PPFMatch.h">
      <Filter>头文件\PointCloudFile</Filter>
    </ClInclude>
    <ClInclude Include="GrayCode.h">
      <Filter>头文件</Filter>
    </ClInclude>
    <ClInclude Include="JC_Calibrate.h">
      <Filter>头文件</Filter>
    </ClInclude>
  </ItemGroup>
</Project>